
Microsoft Visual Studio Solution File, Format Version 12.00
Project("{FAE04EC0-301F-11D3-BF4B-00C04F79EFBC}") = "RazorPagesProject", "src\RazorPagesProject\RazorPagesProject.csproj", "{4A807C81-67F8-4D86-897B-E7168D1FA52F}"
EndProject
Project("{FAE04EC0-301F-11D3-BF4B-00C04F79EFBC}") = "RazorPagesProject.Tests", "tests\RazorPagesProject.Tests\RazorPagesProject.Tests.csproj", "{F9B7868F-F03B-4960-8214-96E1433CFBB2}"
EndProject
Global
	GlobalSection(SolutionConfigurationPlatforms) = preSolution
		Debug|Any CPU = Debug|Any CPU
		Release|Any CPU = Release|Any CPU
	EndGlobalSection
	GlobalSection(ProjectConfigurationPlatforms) = postSolution
		{4A807C81-67F8-4D86-897B-E7168D1FA52F}.Debug|Any CPU.ActiveCfg = Debug|Any CPU
		{4A807C81-67F8-4D86-897B-E7168D1FA52F}.Debug|Any CPU.Build.0 = Debug|Any CPU
		{4A807C81-67F8-4D86-897B-E7168D1FA52F}.Release|Any CPU.ActiveCfg = Release|Any CPU
		{4A807C81-67F8-4D86-897B-E7168D1FA52F}.Release|Any CPU.Build.0 = Release|Any CPU
		{F9B7868F-F03B-4960-8214-96E1433CFBB2}.Debug|Any CPU.ActiveCfg = Debug|Any CPU
		{F9B7868F-F03B-4960-8214-96E1433CFBB2}.Debug|Any CPU.Build.0 = Debug|Any CPU
		{F9B7868F-F03B-4960-8214-96E1433CFBB2}.Release|Any CPU.ActiveCfg = Release|Any CPU
		{F9B7868F-F03B-4960-8214-96E1433CFBB2}.Release|Any CPU.Build.0 = Release|Any CPU
	EndGlobalSection
EndGlobal
